Microsoft Visual Studio Solution File, Format Version 12.00
# Visual Studio Version 17
VisualStudioVersion = 17.5.2.0
MinimumVisualStudioVersion = 10.0.40219.1
Project("{2150E333-8FDC-42A3-9474-1A3956D46DE8}") = "test", "test", "{0C88DD14-F956-CE84-757C-A364CCF449FC}"
EndProject
Project("{2150E333-8FDC-42A3-9474-1A3956D46DE8}") = "fixtures", "fixtures", "{2B2D6445-B3F6-45E2-2D0D-67625E7D9AB1}"
EndProject
Project("{2150E333-8FDC-42A3-9474-1A3956D46DE8}") = "csharp-dotnet", "csharp-dotnet", "{2D008F68-429F-2EDF-D933-856840DF6190}"
EndProject
Project("{FAE04EC0-301F-11D3-BF4B-00C04F79EFBC}") = "MyApp", "test\fixtures\csharp-dotnet\MyApp.csproj", "{48A07ABD-7186-9B17-E901-2E72A3FED458}"
EndProject
Global
	GlobalSection(SolutionConfigurationPlatforms) = preSolution
		Debug|Any CPU = Debug|Any CPU
		Release|Any CPU = Release|Any CPU
	EndGlobalSection
	GlobalSection(ProjectConfigurationPlatforms) = postSolution
		{48A07ABD-7186-9B17-E901-2E72A3FED458}.Debug|Any CPU.ActiveCfg = Debug|Any CPU
		{48A07ABD-7186-9B17-E901-2E72A3FED458}.Debug|Any CPU.Build.0 = Debug|Any CPU
		{48A07ABD-7186-9B17-E901-2E72A3FED458}.Release|Any CPU.ActiveCfg = Release|Any CPU
		{48A07ABD-7186-9B17-E901-2E72A3FED458}.Release|Any CPU.Build.0 = Release|Any CPU
	EndGlobalSection
	GlobalSection(SolutionProperties) = preSolution
		HideSolutionNode = FALSE
	EndGlobalSection
	GlobalSection(NestedProjects) = preSolution
		{2B2D6445-B3F6-45E2-2D0D-67625E7D9AB1} = {0C88DD14-F956-CE84-757C-A364CCF449FC}
		{2D008F68-429F-2EDF-D933-856840DF6190} = {2B2D6445-B3F6-45E2-2D0D-67625E7D9AB1}
		{48A07ABD-7186-9B17-E901-2E72A3FED458} = {2D008F68-429F-2EDF-D933-856840DF6190}
	EndGlobalSection
	GlobalSection(ExtensibilityGlobals) = postSolution
		SolutionGuid = {AC623BB8-DEE2-424F-AE8E-6A20DE98DEE7}
	EndGlobalSection
EndGlobal
